<?xml version="1.0" encoding="utf-8"?>
<Project ToolsVersion="4.0" xmlns="http://schemas.microsoft.com/developer/msbuild/2003">
  <ItemGroup>
    <Filter Include="Source Files">
      <UniqueIdentifier>{4FC737F1-C7A5-4376-A066-2A32D752A2FF}</UniqueIdentifier>
      <Extensions>cpp;c;cc;cxx;c++;cppm;ixx;def;odl;idl;hpj;bat;asm;asmx</Extensions>
    </Filter>
    <Filter Include="Header Files">
      <UniqueIdentifier>{93995380-89BD-4b04-88EB-625FBE52EBFB}</UniqueIdentifier>
      <Extensions>h;hh;hpp;hxx;h++;hm;inl;inc;ipp;xsd</Extensions>
    </Filter>
    <Filter Include="Resource Files">
      <UniqueIdentifier>{67DA6AB6-F800-4c08-8B7A-83BB121AAD01}</UniqueIdentifier>
      <Extensions>rc;ico;cur;bmp;dlg;rc2;rct;bin;rgs;gif;jpg;jpeg;jpe;resx;tiff;tif;png;wav;mfcribbon-ms</Extensions>
    </Filter>
    <Filter Include="Header Files\UI_Admin">
      <UniqueIdentifier>{13b73e2b-4b1f-4b1c-9ad8-68a7b521b82c}</UniqueIdentifier>
    </Filter>
    <Filter Include="Header Files\UI_Admin\SubUI_Admin">
      <UniqueIdentifier>{17e9ac22-ea25-4bb1-ba38-eacdbb6fb431}</UniqueIdentifier>
    </Filter>
    <Filter Include="Header Files\UI_Cliente">
      <UniqueIdentifier>{0897483c-df2f-4431-93b9-eed59a9abfd8}</UniqueIdentifier>
    </Filter>
    <Filter Include="Header Files\UI_Cliente\SubUI_Cliente">
      <UniqueIdentifier>{838bfbe3-845b-431f-835d-34ca37e42f54}</UniqueIdentifier>
    </Filter>
    <Filter Include="Header Files\UI_Terminal">
      <UniqueIdentifier>{aea88dc6-5f83-4880-96ba-517ef07027b0}</UniqueIdentifier>
    </Filter>
    <Filter Include="Header Files\UI_Terminal\SubUI_Terminal">
      <UniqueIdentifier>{11bc0856-7e29-4b44-9fc5-2e0e4ef37fd6}</UniqueIdentifier>
    </Filter>
  </ItemGroup>
  <ItemGroup>
    <ClCompile Include="main.cpp">
      <Filter>Source Files</Filter>
    </ClCompile>
    <ClCompile Include="frmLogin.cpp">
      <Filter>Header Files</Filter>
    </ClCompile>
  </ItemGroup>
  <ItemGroup>
    <ClInclude Include="frmLogin.h">
      <Filter>Header Files</Filter>
    </ClInclude>
  </ItemGroup>
  <ItemGroup>
    <EmbeddedResource Include="frmLogin.resx">
      <Filter>Header Files</Filter>
    </EmbeddedResource>
  </ItemGroup>
</Project>